
Microsoft Visual Studio Solution File, Format Version 12.00
# Visual Studio Version 16
VisualStudioVersion = 16.0.32126.315
MinimumVisualStudioVersion = 10.0.40219.1
Project("{FAE04EC0-301F-11D3-BF4B-00C04F79EFBC}") = "u21454249_HW06", "u21454249_HW06\u21454249_HW06.csproj", "{DF18306A-A27C-4A9E-911C-172D74530BB0}"
EndProject
Global
	GlobalSection(SolutionConfigurationPlatforms) = preSolution
		Debug|Any CPU = Debug|Any CPU
		Release|Any CPU = Release|Any CPU
	EndGlobalSection
	GlobalSection(ProjectConfigurationPlatforms) = postSolution
		{DF18306A-A27C-4A9E-911C-172D74530BB0}.Debug|Any CPU.ActiveCfg = Debug|Any CPU
		{DF18306A-A27C-4A9E-911C-172D74530BB0}.Debug|Any CPU.Build.0 = Debug|Any CPU
		{DF18306A-A27C-4A9E-911C-172D74530BB0}.Release|Any CPU.ActiveCfg = Release|Any CPU
		{DF18306A-A27C-4A9E-911C-172D74530BB0}.Release|Any CPU.Build.0 = Release|Any CPU
	EndGlobalSection
	GlobalSection(SolutionProperties) = preSolution
		HideSolutionNode = FALSE
	EndGlobalSection
	GlobalSection(ExtensibilityGlobals) = postSolution
		SolutionGuid = {8D9826B8-2069-4A46-A839-540A75FDC9C8}
	EndGlobalSection
EndGlobal
